
Microsoft Visual Studio Solution File, Format Version 12.00
# Visual Studio Version 17
VisualStudioVersion = 17.9.34728.123
MinimumVisualStudioVersion = 10.0.40219.1
Project("{FAE04EC0-301F-11D3-BF4B-00C04F79EFBC}") = "EDESKAssignment.Server", "EDESKAssignment.Server\EDESKAssignment.Server.csproj", "{FC98A42E-6FAF-4D07-A8BF-F3BF575B7FFB}"
EndProject
Project("{54A90642-561A-4BB1-A94E-469ADEE60C69}") = "edeskassignment.client", "edeskassignment.client\edeskassignment.client.esproj", "{F410F31D-5378-43D8-907F-0666CE31792A}"
EndProject
Global
	GlobalSection(SolutionConfigurationPlatforms) = preSolution
		Debug|Any CPU = Debug|Any CPU
		Release|Any CPU = Release|Any CPU
	EndGlobalSection
	GlobalSection(ProjectConfigurationPlatforms) = postSolution
		{FC98A42E-6FAF-4D07-A8BF-F3BF575B7FFB}.Debug|Any CPU.ActiveCfg = Debug|Any CPU
		{FC98A42E-6FAF-4D07-A8BF-F3BF575B7FFB}.Debug|Any CPU.Build.0 = Debug|Any CPU
		{FC98A42E-6FAF-4D07-A8BF-F3BF575B7FFB}.Release|Any CPU.ActiveCfg = Release|Any CPU
		{FC98A42E-6FAF-4D07-A8BF-F3BF575B7FFB}.Release|Any CPU.Build.0 = Release|Any CPU
		{F410F31D-5378-43D8-907F-0666CE31792A}.Debug|Any CPU.ActiveCfg = Debug|Any CPU
		{F410F31D-5378-43D8-907F-0666CE31792A}.Debug|Any CPU.Build.0 = Debug|Any CPU
		{F410F31D-5378-43D8-907F-0666CE31792A}.Debug|Any CPU.Deploy.0 = Debug|Any CPU
		{F410F31D-5378-43D8-907F-0666CE31792A}.Release|Any CPU.ActiveCfg = Release|Any CPU
		{F410F31D-5378-43D8-907F-0666CE31792A}.Release|Any CPU.Build.0 = Release|Any CPU
		{F410F31D-5378-43D8-907F-0666CE31792A}.Release|Any CPU.Deploy.0 = Release|Any CPU
	EndGlobalSection
	GlobalSection(SolutionProperties) = preSolution
		HideSolutionNode = FALSE
	EndGlobalSection
	GlobalSection(ExtensibilityGlobals) = postSolution
		SolutionGuid = {9596B5F2-FF1A-453B-86A2-5F0995E0512D}
	EndGlobalSection
EndGlobal
